%{"cowboy": {:hex, :cowboy, "1.0.0", "d0b46a5e5f971c5543eb46f86fe76b9add567d12fb5262a852b8f27c64c0555d", [:make, :rebar], [{:cowlib, "~> 1.0.0", [hex: :cowlib, optional: false]}, {:ranch, "~> 1.0", [hex: :ranch, optional: false]}]},
  "cowlib": {:hex, :cowlib, "1.0.1", "175a633c472058bbeb1b238a6409766a48b52b43b7b687ed70f03cf6e854b7d9", [:make], []},
  "decimal": {:hex, :decimal, "1.1.0"},
  "ecto": {:hex, :ecto, "0.11.2"},
  "ex_doc": {:git, "git://github.com/elixir-lang/ex_doc.git", "05d578569be0ef2d9231c881232ca53253bab7ca", []},
  "fs": {:hex, :fs, "0.9.2"},
  "hoedown": {:git, "git://github.com/hoedown/hoedown.git", "365ad578e7b767ffe7126f029c184d727a3e95b3", []},
  "httpotion": {:hex, :httpotion, "2.0.0", "f9d19c482854adae8a8a6e4c828948a0165242d2233089085de183f92e81cb01", [:mix], []},
  "ibrowse": {:git, "git://github.com/cmullaparthi/ibrowse.git", "ea3305d21f37eced4fac290f64b068e56df7de80", [tag: "v4.1.2"]},
  "logfmt": {:hex, :logfmt, "3.0.2", "8d1266d8ea4e35cb476952723a9c91e0684caa233bf51a6e58187598be50da60", [:mix], []},
  "markdown": {:git, "git://github.com/devinus/markdown.git", "cd0df79b6f1cc374499d47f6ba6aaab5096f874f", []},
  "meck": {:hex, :meck, "0.8.2", "f15f7d513e14ec8c8dee9a95d4ae585b3e5a88bf0fa6a7573240d6ddb58a7236", [:make, :rebar], []},
  "metrix": {:hex, :metrix, "0.1.0", "cb96f9bd9dfa12bb9a793b5eb1a3cbde0e7d857b9c820b41fab2cfafc03cfb34", [:mix], [{:logfmt, "~> 3.0", [hex: :logfmt, optional: false]}]},
  "mock": {:hex, :mock, "0.1.0", "bfda86755cef85447e5466486affcb8fc39d4c54806d9536b73532d1e8fa9511", [:mix], [{:meck, "~> 0.8.2", [hex: :meck, optional: false]}]},
  "phoenix": {:hex, :phoenix, "0.14.0", "aa713b847b3b0e8dc0b820070a930c02bde9291deff13d826f52c00d62b62fe9", [:mix], [{:poison, "~> 1.3", [hex: :poison, optional: false]}, {:plug, "~> 0.13 or ~> 1.0", [hex: :plug, optional: false]}, {:cowboy, "~> 1.0", [hex: :cowboy, optional: true]}]},
  "phoenix_ecto": {:hex, :phoenix_ecto, "0.3.2"},
  "phoenix_html": {:hex, :phoenix_html, "1.2.1", "c3ebc1a9536725b870f4be58eeee79b34f646f61e2b8bbc1d339f874f4146cd2", [:mix], [{:plug, ">= 0.12.2 and < 2.0.0", [hex: :plug, optional: false]}]},
  "phoenix_live_reload": {:hex, :phoenix_live_reload, "0.3.3"},
  "plug": {:hex, :plug, "0.13.0", "2fed890715c53a2e47a8c410fac5b198770aa7abe996cf85cd496c3492dc4bc8", [:mix], [{:cowboy, "~> 1.0", [hex: :cowboy, optional: true]}]},
  "poison": {:hex, :poison, "1.4.0", "cd5afb9db7f0d19487572fa28185b6d4de647f14235746824e77b3139b79b725", [:mix], []},
  "poolboy": {:hex, :poolboy, "1.5.1"},
  "postgrex": {:hex, :postgrex, "0.8.1"},
  "ranch": {:hex, :ranch, "1.0.0", "e3ac054e4265de77e2d2696dd7e1d6a67b7525aade13ba10c860e7f499a0d433", [:make], []},
  "timex": {:hex, :timex, "0.13.4"}}
