%{"cowboy": {:hex, :cowboy, "1.0.0"},
  "cowlib": {:hex, :cowlib, "1.0.1"},
  "decimal": {:hex, :decimal, "1.1.0"},
  "ecto": {:hex, :ecto, "0.11.2"},
  "ex_doc": {:git, "git://github.com/elixir-lang/ex_doc.git", "05d578569be0ef2d9231c881232ca53253bab7ca", []},
  "fs": {:hex, :fs, "0.9.2"},
  "hoedown": {:git, "git://github.com/hoedown/hoedown.git", "365ad578e7b767ffe7126f029c184d727a3e95b3", []},
  "httpotion": {:hex, :httpotion, "2.0.0"},
  "ibrowse": {:git, "git://github.com/cmullaparthi/ibrowse.git", "d2e369ff42666c3574b8b7ec26f69027895c4d94", [tag: "v4.1.1"]},
  "markdown": {:git, "git://github.com/devinus/markdown.git", "cd0df79b6f1cc374499d47f6ba6aaab5096f874f", []},
  "meck": {:hex, :meck, "0.8.2"},
  "mock": {:hex, :mock, "0.1.0"},
  "phoenix": {:hex, :phoenix, "0.12.0"},
  "phoenix_ecto": {:hex, :phoenix_ecto, "0.3.2"},
  "phoenix_live_reload": {:hex, :phoenix_live_reload, "0.3.3"},
  "plug": {:hex, :plug, "0.12.2"},
  "poison": {:hex, :poison, "1.4.0"},
  "poolboy": {:hex, :poolboy, "1.5.1"},
  "postgrex": {:hex, :postgrex, "0.8.1"},
  "ranch": {:hex, :ranch, "1.0.0"},
  "timex": {:hex, :timex, "0.13.4"}}
